
Microsoft Visual Studio Solution File, Format Version 12.00
# Visual Studio 15
VisualStudioVersion = 15.0.27130.2027
MinimumVisualStudioVersion = 10.0.40219.1
Project("{FAE04EC0-301F-11D3-BF4B-00C04F79EFBC}") = "RabbitMqDemo.Consumer", "src\RabbitMqDemo.Consumer\RabbitMqDemo.Consumer.csproj", "{7AF05301-21BD-45AE-9F97-F139A8904F10}"
EndProject
Project("{FAE04EC0-301F-11D3-BF4B-00C04F79EFBC}") = "RabbitMqDemo.Publisher", "src\RabbitMqDemo.Publisher\RabbitMqDemo.Publisher.csproj", "{B53056F3-A6CC-46FC-B200-17630A6EEF11}"
EndProject
Project("{FAE04EC0-301F-11D3-BF4B-00C04F79EFBC}") = "RabbitMqDemo.Messages", "src\RabbitMqDemo.Messages\RabbitMqDemo.Messages.csproj", "{FF038D66-B6C7-46BB-87B3-68E22D770AC8}"
EndProject
Global
	GlobalSection(SolutionConfigurationPlatforms) = preSolution
		Debug|Any CPU = Debug|Any CPU
		Release|Any CPU = Release|Any CPU
	EndGlobalSection
	GlobalSection(ProjectConfigurationPlatforms) = postSolution
		{7AF05301-21BD-45AE-9F97-F139A8904F10}.Debug|Any CPU.ActiveCfg = Debug|Any CPU
		{7AF05301-21BD-45AE-9F97-F139A8904F10}.Debug|Any CPU.Build.0 = Debug|Any CPU
		{7AF05301-21BD-45AE-9F97-F139A8904F10}.Release|Any CPU.ActiveCfg = Release|Any CPU
		{7AF05301-21BD-45AE-9F97-F139A8904F10}.Release|Any CPU.Build.0 = Release|Any CPU
		{B53056F3-A6CC-46FC-B200-17630A6EEF11}.Debug|Any CPU.ActiveCfg = Debug|Any CPU
		{B53056F3-A6CC-46FC-B200-17630A6EEF11}.Debug|Any CPU.Build.0 = Debug|Any CPU
		{B53056F3-A6CC-46FC-B200-17630A6EEF11}.Release|Any CPU.ActiveCfg = Release|Any CPU
		{B53056F3-A6CC-46FC-B200-17630A6EEF11}.Release|Any CPU.Build.0 = Release|Any CPU
		{FF038D66-B6C7-46BB-87B3-68E22D770AC8}.Debug|Any CPU.ActiveCfg = Debug|Any CPU
		{FF038D66-B6C7-46BB-87B3-68E22D770AC8}.Debug|Any CPU.Build.0 = Debug|Any CPU
		{FF038D66-B6C7-46BB-87B3-68E22D770AC8}.Release|Any CPU.ActiveCfg = Release|Any CPU
		{FF038D66-B6C7-46BB-87B3-68E22D770AC8}.Release|Any CPU.Build.0 = Release|Any CPU
	EndGlobalSection
	GlobalSection(SolutionProperties) = preSolution
		HideSolutionNode = FALSE
	EndGlobalSection
	GlobalSection(ExtensibilityGlobals) = postSolution
		SolutionGuid = {ED174F69-30AF-4EC2-B864-CD18E2A8946D}
	EndGlobalSection
EndGlobal
